
Microsoft Visual Studio Solution File, Format Version 12.00
# Visual Studio 2013
VisualStudioVersion = 12.0.21005.1
MinimumVisualStudioVersion = 10.0.40219.1
Project("{FAE04EC0-301F-11D3-BF4B-00C04F79EFBC}") = "GitTest", "GitTest\GitTest.csproj", "{CD204A62-9C97-499E-B27B-BE3CDF3CB0EB}"
EndProject
Global
	GlobalSection(SolutionConfigurationPlatforms) = preSolution
		Debug|Any CPU = Debug|Any CPU
		Release|Any CPU = Release|Any CPU
	EndGlobalSection
	GlobalSection(ProjectConfigurationPlatforms) = postSolution
		{CD204A62-9C97-499E-B27B-BE3CDF3CB0EB}.Debug|Any CPU.ActiveCfg = Debug|Any CPU
		{CD204A62-9C97-499E-B27B-BE3CDF3CB0EB}.Debug|Any CPU.Build.0 = Debug|Any CPU
		{CD204A62-9C97-499E-B27B-BE3CDF3CB0EB}.Release|Any CPU.ActiveCfg = Release|Any CPU
		{CD204A62-9C97-499E-B27B-BE3CDF3CB0EB}.Release|Any CPU.Build.0 = Release|Any CPU
	EndGlobalSection
	GlobalSection(SolutionProperties) = preSolution
		HideSolutionNode = FALSE
	EndGlobalSection
EndGlobal
